
Microsoft Visual Studio Solution File, Format Version 12.00
# Visual Studio Version 17
VisualStudioVersion = 17.2.32630.192
MinimumVisualStudioVersion = 10.0.40219.1
Project("{FAE04EC0-301F-11D3-BF4B-00C04F79EFBC}") = "CREDITOS-DOÑALOLA", "CREDITOS-DOÑALOLA\CREDITOS-DOÑALOLA.csproj", "{CB046861-9F4B-4A0D-9998-791FD141583B}"
EndProject
Global
	GlobalSection(SolutionConfigurationPlatforms) = preSolution
		Debug|Any CPU = Debug|Any CPU
		Release|Any CPU = Release|Any CPU
	EndGlobalSection
	GlobalSection(ProjectConfigurationPlatforms) = postSolution
		{CB046861-9F4B-4A0D-9998-791FD141583B}.Debug|Any CPU.ActiveCfg = Debug|Any CPU
		{CB046861-9F4B-4A0D-9998-791FD141583B}.Debug|Any CPU.Build.0 = Debug|Any CPU
		{CB046861-9F4B-4A0D-9998-791FD141583B}.Release|Any CPU.ActiveCfg = Release|Any CPU
		{CB046861-9F4B-4A0D-9998-791FD141583B}.Release|Any CPU.Build.0 = Release|Any CPU
	EndGlobalSection
	GlobalSection(SolutionProperties) = preSolution
		HideSolutionNode = FALSE
	EndGlobalSection
	GlobalSection(ExtensibilityGlobals) = postSolution
		SolutionGuid = {F528480A-CD71-47E3-962F-C250F65F971F}
	EndGlobalSection
EndGlobal
